
Microsoft Visual Studio Solution File, Format Version 10.00
# Visual C# Express 2008
Project("{FAE04EC0-301F-11D3-BF4B-00C04F79EFBC}") = "howto_rgb_to_hls", "howto_rgb_to_hls.csproj", "{0AA58A96-3303-4E15-A780-CDE992A7D234}"
EndProject
Global
	GlobalSection(SolutionConfigurationPlatforms) = preSolution
		Debug|Any CPU = Debug|Any CPU
		Release|Any CPU = Release|Any CPU
	EndGlobalSection
	GlobalSection(ProjectConfigurationPlatforms) = postSolution
		{0AA58A96-3303-4E15-A780-CDE992A7D234}.Debug|Any CPU.ActiveCfg = Debug|Any CPU
		{0AA58A96-3303-4E15-A780-CDE992A7D234}.Debug|Any CPU.Build.0 = Debug|Any CPU
		{0AA58A96-3303-4E15-A780-CDE992A7D234}.Release|Any CPU.ActiveCfg = Release|Any CPU
		{0AA58A96-3303-4E15-A780-CDE992A7D234}.Release|Any CPU.Build.0 = Release|Any CPU
	EndGlobalSection
	GlobalSection(SolutionProperties) = preSolution
		HideSolutionNode = FALSE
	EndGlobalSection
EndGlobal
